// !$*UTF8*$!
{
	archiveVersion = 1;
	classes = {
	};
	objectVersion = 46;
	objects = {

/* Begin PBXBuildFile section */
		A1EDB1941B77506800272C65 /* main.m in Sources */ = {isa = PBXBuildFile; fileRef = A1EDB1931B77506800272C65 /* main.m */; };
		A1EDB1971B77506800272C65 /* AppDelegate.m in Sources */ = {isa = PBXBuildFile; fileRef = A1EDB1961B77506800272C65 /* AppDelegate.m */; };
		A1EDB19A1B77506800272C65 /* ViewController.m in Sources */ = {isa = PBXBuildFile; fileRef = A1EDB1991B77506800272C65 /* ViewController.m */; };
		A1EDB19D1B77506800272C65 /* Main.storyboard in Resources */ = {isa = PBXBuildFile; fileRef = A1EDB19B1B77506800272C65 /* Main.storyboard */; };
		A1EDB19F1B77506800272C65 /* Images.xcassets in Resources */ = {isa = PBXBuildFile; fileRef = A1EDB19E1B77506800272C65 /* Images.xcassets */; };
		A1EDB1A21B77506800272C65 /* LaunchScreen.xib in Resources */ = {isa = PBXBuildFile; fileRef = A1EDB1A01B77506800272C65 /* LaunchScreen.xib */; };
		A1EDB1AE1B77506800272C65 /* SARuntimeDemoTests.m in Sources */ = {isa = PBXBuildFile; fileRef = A1EDB1AD1B77506800272C65 /* SARuntimeDemoTests.m */; };
		A1EDB1B91B77A2A700272C65 /* NSDateFormatter+singleton.m in Sources */ = {isa = PBXBuildFile; fileRef = A1EDB1B81B77A2A700272C65 /* NSDateFormatter+singleton.m */; };
/* End PBXBuildFile section */

/* Begin PBXContainerItemProxy section */
		A1EDB1A81B77506800272C65 /* PBXContainerItemProxy */ = {
			isa = PBXContainerItemProxy;
			containerPortal = A1EDB1861B77506800272C65 /* Project object */;
			proxyType = 1;
			remoteGlobalIDString = A1EDB18D1B77506800272C65;
			remoteInfo = SARuntimeDemo;
		};
/* End PBXContainerItemProxy section */

/* Begin PBXFileReference section */
		A1EDB18E1B77506800272C65 /* SARuntimeDemo.app */ = {isa = PBXFileReference; explicitFileType = wrapper.application; includeInIndex = 0; path = SARuntimeDemo.app; sourceTree = BUILT_PRODUCTS_DIR; };
		A1EDB1921B77506800272C65 /* Info.plist */ = {isa = PBXFileReference; lastKnownFileType = text.plist.xml; path = Info.plist; sourceTree = "<group>"; };
		A1EDB1931B77506800272C65 /* main.m */ = {isa = PBXFileReference; lastKnownFileType = sourcecode.c.objc; path = main.m; sourceTree = "<group>"; };
		A1EDB1951B77506800272C65 /* AppDelegate.h */ = {isa = PBXFileReference; lastKnownFileType = sourcecode.c.h; path = AppDelegate.h; sourceTree = "<group>"; };
		A1EDB1961B77506800272C65 /* AppDelegate.m */ = {isa = PBXFileReference; lastKnownFileType = sourcecode.c.objc; path = AppDelegate.m; sourceTree = "<group>"; };
		A1EDB1981B77506800272C65 /* ViewController.h */ = {isa = PBXFileReference; lastKnownFileType = sourcecode.c.h; path = ViewController.h; sourceTree = "<group>"; };
		A1EDB1991B77506800272C65 /* ViewController.m */ = {isa = PBXFileReference; lastKnownFileType = sourcecode.c.objc; path = ViewController.m; sourceTree = "<group>"; };
		A1EDB19C1B77506800272C65 /* Base */ = {isa = PBXFileReference; lastKnownFileType = file.storyboard; name = Base; path = Base.lproj/Main.storyboard; sourceTree = "<group>"; };
		A1EDB19E1B77506800272C65 /* Images.xcassets */ = {isa = PBXFileReference; lastKnownFileType = folder.assetcatalog; path = Images.xcassets; sourceTree = "<group>"; };
		A1EDB1A11B77506800272C65 /* Base */ = {isa = PBXFileReference; lastKnownFileType = file.xib; name = Base; path = Base.lproj/LaunchScreen.xib; sourceTree = "<group>"; };
		A1EDB1A71B77506800272C65 /* SARuntimeDemoTests.xctest */ = {isa = PBXFileReference; explicitFileType = wrapper.cfbundle; includeInIndex = 0; path = SARuntimeDemoTests.xctest; sourceTree = BUILT_PRODUCTS_DIR; };
		A1EDB1AC1B77506800272C65 /* Info.plist */ = {isa = PBXFileReference; lastKnownFileType = text.plist.xml; path = Info.plist; sourceTree = "<group>"; };
		A1EDB1AD1B77506800272C65 /* SARuntimeDemoTests.m */ = {isa = PBXFileReference; lastKnownFileType = sourcecode.c.objc; path = SARuntimeDemoTests.m; sourceTree = "<group>"; };
		A1EDB1B71B77A2A700272C65 /* NSDateFormatter+singleton.h */ = {isa = PBXFileReference; fileEncoding = 4; lastKnownFileType = sourcecode.c.h; path = "NSDateFormatter+singleton.h"; sourceTree = "<group>"; };
		A1EDB1B81B77A2A700272C65 /* NSDateFormatter+singleton.m */ = {isa = PBXFileReference; fileEncoding = 4; lastKnownFileType = sourcecode.c.objc; path = "NSDateFormatter+singleton.m"; sourceTree = "<group>"; };
/* End PBXFileReference section */

/* Begin PBXFrameworksBuildPhase section */
		A1EDB18B1B77506800272C65 /* Frameworks */ = {
			isa = PBXFrameworksBuildPhase;
			buildActionMask = 2147483647;
			files = (
			);
			runOnlyForDeploymentPostprocessing = 0;
		};
		A1EDB1A41B77506800272C65 /* Frameworks */ = {
			isa = PBXFrameworksBuildPhase;
			buildActionMask = 2147483647;
			files = (
			);
			runOnlyForDeploymentPostprocessing = 0;
		};
/* End PBXFrameworksBuildPhase section */

/* Begin PBXGroup section */
		A1EDB1851B77506800272C65 = {
			isa = PBXGroup;
			children = (
				A1EDB1901B77506800272C65 /* SARuntimeDemo */,
				A1EDB1AA1B77506800272C65 /* SARuntimeDemoTests */,
				A1EDB18F1B77506800272C65 /* Products */,
			);
			sourceTree = "<group>";
		};
		A1EDB18F1B77506800272C65 /* Products */ = {
			isa = PBXGroup;
			children = (
				A1EDB18E1B77506800272C65 /* SARuntimeDemo.app */,
				A1EDB1A71B77506800272C65 /* SARuntimeDemoTests.xctest */,
			);
			name = Products;
			sourceTree = "<group>";
		};
		A1EDB1901B77506800272C65 /* SARuntimeDemo */ = {
			isa = PBXGroup;
			children = (
				A1EDB1951B77506800272C65 /* AppDelegate.h */,
				A1EDB1961B77506800272C65 /* AppDelegate.m */,
				A1EDB1981B77506800272C65 /* ViewController.h */,
				A1EDB1991B77506800272C65 /* ViewController.m */,
				A1EDB1B71B77A2A700272C65 /* NSDateFormatter+singleton.h */,
				A1EDB1B81B77A2A700272C65 /* NSDateFormatter+singleton.m */,
				A1EDB19B1B77506800272C65 /* Main.storyboard */,
				A1EDB19E1B77506800272C65 /* Images.xcassets */,
				A1EDB1A01B77506800272C65 /* LaunchScreen.xib */,
				A1EDB1911B77506800272C65 /* Supporting Files */,
			);
			path = SARuntimeDemo;
			sourceTree = "<group>";
		};
		A1EDB1911B77506800272C65 /* Supporting Files */ = {
			isa = PBXGroup;
			children = (
				A1EDB1921B77506800272C65 /* Info.plist */,
				A1EDB1931B77506800272C65 /* main.m */,
			);
			name = "Supporting Files";
			sourceTree = "<group>";
		};
		A1EDB1AA1B77506800272C65 /* SARuntimeDemoTests */ = {
			isa = PBXGroup;
			children = (
				A1EDB1AD1B77506800272C65 /* SARuntimeDemoTests.m */,
				A1EDB1AB1B77506800272C65 /* Supporting Files */,
			);
			path = SARuntimeDemoTests;
			sourceTree = "<group>";
		};
		A1EDB1AB1B77506800272C65 /* Supporting Files */ = {
			isa = PBXGroup;
			children = (
				A1EDB1AC1B77506800272C65 /* Info.plist */,
			);
			name = "Supporting Files";
			sourceTree = "<group>";
		};
/* End PBXGroup section */

/* Begin PBXNativeTarget section */
		A1EDB18D1B77506800272C65 /* SARuntimeDemo */ = {
			isa = PBXNativeTarget;
			buildConfigurationList = A1EDB1B11B77506800272C65 /* Build configuration list for PBXNativeTarget "SARuntimeDemo" */;
			buildPhases = (
				A1EDB18A1B77506800272C65 /* Sources */,
				A1EDB18B1B77506800272C65 /* Frameworks */,
				A1EDB18C1B77506800272C65 /* Resources */,
			);
			buildRules = (
			);
			dependencies = (
			);
			name = SARuntimeDemo;
			productName = SARuntimeDemo;
			productReference = A1EDB18E1B77506800272C65 /* SARuntimeDemo.app */;
			productType = "com.apple.product-type.application";
		};
		A1EDB1A61B77506800272C65 /* SARuntimeDemoTests */ = {
			isa = PBXNativeTarget;
			buildConfigurationList = A1EDB1B41B77506800272C65 /* Build configuration list for PBXNativeTarget "SARuntimeDemoTests" */;
			buildPhases = (
				A1EDB1A31B77506800272C65 /* Sources */,
				A1EDB1A41B77506800272C65 /* Frameworks */,
				A1EDB1A51B77506800272C65 /* Resources */,
			);
			buildRules = (
			);
			dependencies = (
				A1EDB1A91B77506800272C65 /* PBXTargetDependency */,
			);
			name = SARuntimeDemoTests;
			productName = SARuntimeDemoTests;
			productReference = A1EDB1A71B77506800272C65 /* SARuntimeDemoTests.xctest */;
			productType = "com.apple.product-type.bundle.unit-test";
		};
/* End PBXNativeTarget section */

/* Begin PBXProject section */
		A1EDB1861B77506800272C65 /* Project object */ = {
			isa = PBXProject;
			attributes = {
				LastUpgradeCheck = 0640;
				ORGANIZATIONNAME = Andy;
				TargetAttributes = {
					A1EDB18D1B77506800272C65 = {
						CreatedOnToolsVersion = 6.4;
					};
					A1EDB1A61B77506800272C65 = {
						CreatedOnToolsVersion = 6.4;
						TestTargetID = A1EDB18D1B77506800272C65;
					};
				};
			};
			buildConfigurationList = A1EDB1891B77506800272C65 /* Build configuration list for PBXProject "SARuntimeDemo" */;
			compatibilityVersion = "Xcode 3.2";
			developmentRegion = English;
			hasScannedForEncodings = 0;
			knownRegions = (
				en,
				Base,
			);
			mainGroup = A1EDB1851B77506800272C65;
			productRefGroup = A1EDB18F1B77506800272C65 /* Products */;
			projectDirPath = "";
			projectRoot = "";
			targets = (
				A1EDB18D1B77506800272C65 /* SARuntimeDemo */,
				A1EDB1A61B77506800272C65 /* SARuntimeDemoTests */,
			);
		};
/* End PBXProject section */

/* Begin PBXResourcesBuildPhase section */
		A1EDB18C1B77506800272C65 /* Resources */ = {
			isa = PBXResourcesBuildPhase;
			buildActionMask = 2147483647;
			files = (
				A1EDB19D1B77506800272C65 /* Main.storyboard in Resources */,
				A1EDB1A21B77506800272C65 /* LaunchScreen.xib in Resources */,
				A1EDB19F1B77506800272C65 /* Images.xcassets in Resources */,
			);
			runOnlyForDeploymentPostprocessing = 0;
		};
		A1EDB1A51B77506800272C65 /* Resources */ = {
			isa = PBXResourcesBuildPhase;
			buildActionMask = 2147483647;
			files = (
			);
			runOnlyForDeploymentPostprocessing = 0;
		};
/* End PBXResourcesBuildPhase section */

/* Begin PBXSourcesBuildPhase section */
		A1EDB18A1B77506800272C65 /* Sources */ = {
			isa = PBXSourcesBuildPhase;
			buildActionMask = 2147483647;
			files = (
				A1EDB19A1B77506800272C65 /* ViewController.m in Sources */,
				A1EDB1971B77506800272C65 /* AppDelegate.m in Sources */,
				A1EDB1941B77506800272C65 /* main.m in Sources */,
				A1EDB1B91B77A2A700272C65 /* NSDateFormatter+singleton.m in Sources */,
			);
			runOnlyForDeploymentPostprocessing = 0;
		};
		A1EDB1A31B77506800272C65 /* Sources */ = {
			isa = PBXSourcesBuildPhase;
			buildActionMask = 2147483647;
			files = (
				A1EDB1AE1B77506800272C65 /* SARuntimeDemoTests.m in Sources */,
			);
			runOnlyForDeploymentPostprocessing = 0;
		};
/* End PBXSourcesBuildPhase section */

/* Begin PBXTargetDependency section */
		A1EDB1A91B77506800272C65 /* PBXTargetDependency */ = {
			isa = PBXTargetDependency;
			target = A1EDB18D1B77506800272C65 /* SARuntimeDemo */;
			targetProxy = A1EDB1A81B77506800272C65 /* PBXContainerItemProxy */;
		};
/* End PBXTargetDependency section */

/* Begin PBXVariantGroup section */
		A1EDB19B1B77506800272C65 /* Main.storyboard */ = {
			isa = PBXVariantGroup;
			children = (
				A1EDB19C1B77506800272C65 /* Base */,
			);
			name = Main.storyboard;
			sourceTree = "<group>";
		};
		A1EDB1A01B77506800272C65 /* LaunchScreen.xib */ = {
			isa = PBXVariantGroup;
			children = (
				A1EDB1A11B77506800272C65 /* Base */,
			);
			name = LaunchScreen.xib;
			sourceTree = "<group>";
		};
/* End PBXVariantGroup section */

/* Begin XCBuildConfiguration section */
		A1EDB1AF1B77506800272C65 /* Debug */ = {
			isa = XCBuildConfiguration;
			buildSettings = {
				ALWAYS_SEARCH_USER_PATHS = NO;
				CLANG_CXX_LANGUAGE_STANDARD = "gnu++0x";
				CLANG_CXX_LIBRARY = "libc++";
				CLANG_ENABLE_MODULES = YES;
				CLANG_ENABLE_OBJC_ARC = YES;
				CLANG_WARN_BOOL_CONVERSION = YES;
				CLANG_WARN_CONSTANT_CONVERSION = YES;
				CLANG_WARN_DIRECT_OBJC_ISA_USAGE = YES_ERROR;
				CLANG_WARN_EMPTY_BODY = YES;
				CLANG_WARN_ENUM_CONVERSION = YES;
				CLANG_WARN_INT_CONVERSION = YES;
				CLANG_WARN_OBJC_ROOT_CLASS = YES_ERROR;
				CLANG_WARN_UNREACHABLE_CODE = YES;
				CLANG_WARN__DUPLICATE_METHOD_MATCH = YES;
				"CODE_SIGN_IDENTITY[sdk=iphoneos*]" = "iPhone Developer";
				COPY_PHASE_STRIP = NO;
				DEBUG_INFORMATION_FORMAT = "dwarf-with-dsym";
				ENABLE_STRICT_OBJC_MSGSEND = YES;
				GCC_C_LANGUAGE_STANDARD = gnu99;
				GCC_DYNAMIC_NO_PIC = NO;
				GCC_NO_COMMON_BLOCKS = YES;
				GCC_OPTIMIZATION_LEVEL = 0;
				GCC_PREPROCESSOR_DEFINITIONS = (
					"DEBUG=1",
					"$(inherited)",
				);
				GCC_SYMBOLS_PRIVATE_EXTERN = NO;
				GCC_WARN_64_TO_32_BIT_CONVERSION = YES;
				GCC_WARN_ABOUT_RETURN_TYPE = YES_ERROR;
				GCC_WARN_UNDECLARED_SELECTOR = YES;
				GCC_WARN_UNINITIALIZED_AUTOS = YES_AGGRESSIVE;
				GCC_WARN_UNUSED_FUNCTION = YES;
				GCC_WARN_UNUSED_VARIABLE = YES;
				IPHONEOS_DEPLOYMENT_TARGET = 8.4;
				MTL_ENABLE_DEBUG_INFO = YES;
				ONLY_ACTIVE_ARCH = YES;
				SDKROOT = iphoneos;
				TARGETED_DEVICE_FAMILY = "1,2";
			};
			name = Debug;
		};
		A1EDB1B01B77506800272C65 /* Release */ = {
			isa = XCBuildConfiguration;
			buildSettings = {
				ALWAYS_SEARCH_USER_PATHS = NO;
				CLANG_CXX_LANGUAGE_STANDARD = "gnu++0x";
				CLANG_CXX_LIBRARY = "libc++";
				CLANG_ENABLE_MODULES = YES;
				CLANG_ENABLE_OBJC_ARC = YES;
				CLANG_WARN_BOOL_CONVERSION = YES;
				CLANG_WARN_CONSTANT_CONVERSION = YES;
				CLANG_WARN_DIRECT_OBJC_ISA_USAGE = YES_ERROR;
				CLANG_WARN_EMPTY_BODY = YES;
				CLANG_WARN_ENUM_CONVERSION = YES;
				CLANG_WARN_INT_CONVERSION = YES;
				CLANG_WARN_OBJC_ROOT_CLASS = YES_ERROR;
				CLANG_WARN_UNREACHABLE_CODE = YES;
				CLANG_WARN__DUPLICATE_METHOD_MATCH = YES;
				"CODE_SIGN_IDENTITY[sdk=iphoneos*]" = "iPhone Developer";
				COPY_PHASE_STRIP = NO;
				DEBUG_INFORMATION_FORMAT = "dwarf-with-dsym";
				ENABLE_NS_ASSERTIONS = NO;
				ENABLE_STRICT_OBJC_MSGSEND = YES;
				GCC_C_LANGUAGE_STANDARD = gnu99;
				GCC_NO_COMMON_BLOCKS = YES;
				GCC_WARN_64_TO_32_BIT_CONVERSION = YES;
				GCC_WARN_ABOUT_RETURN_TYPE = YES_ERROR;
				GCC_WARN_UNDECLARED_SELECTOR = YES;
				GCC_WARN_UNINITIALIZED_AUTOS = YES_AGGRESSIVE;
				GCC_WARN_UNUSED_FUNCTION = YES;
				GCC_WARN_UNUSED_VARIABLE = YES;
				IPHONEOS_DEPLOYMENT_TARGET = 8.4;
				MTL_ENABLE_DEBUG_INFO = NO;
				SDKROOT = iphoneos;
				TARGETED_DEVICE_FAMILY = "1,2";
				VALIDATE_PRODUCT = YES;
			};
			name = Release;
		};
		A1EDB1B21B77506800272C65 /* Debug */ = {
			isa = XCBuildConfiguration;
			buildSettings = {
				ASSETCATALOG_COMPILER_APPICON_NAME = AppIcon;
				INFOPLIST_FILE = SARuntimeDemo/Info.plist;
				LD_RUNPATH_SEARCH_PATHS = "$(inherited) @executable_path/Frameworks";
				PRODUCT_NAME = "$(TARGET_NAME)";
			};
			name = Debug;
		};
		A1EDB1B31B77506800272C65 /* Release */ = {
			isa = XCBuildConfiguration;
			buildSettings = {
				ASSETCATALOG_COMPILER_APPICON_NAME = AppIcon;
				INFOPLIST_FILE = SARuntimeDemo/Info.plist;
				LD_RUNPATH_SEARCH_PATHS = "$(inherited) @executable_path/Frameworks";
				PRODUCT_NAME = "$(TARGET_NAME)";
			};
			name = Release;
		};
		A1EDB1B51B77506800272C65 /* Debug */ = {
			isa = XCBuildConfiguration;
			buildSettings = {
				BUNDLE_LOADER = "$(TEST_HOST)";
				FRAMEWORK_SEARCH_PATHS = (
					"$(SDKROOT)/Developer/Library/Frameworks",
					"$(inherited)",
				);
				GCC_PREPROCESSOR_DEFINITIONS = (
					"DEBUG=1",
					"$(inherited)",
				);
				INFOPLIST_FILE = SARuntimeDemoTests/Info.plist;
				LD_RUNPATH_SEARCH_PATHS = "$(inherited) @executable_path/Frameworks @loader_path/Frameworks";
				PRODUCT_NAME = "$(TARGET_NAME)";
				TEST_HOST = "$(BUILT_PRODUCTS_DIR)/SARuntimeDemo.app/SARuntimeDemo";
			};
			name = Debug;
		};
		A1EDB1B61B77506800272C65 /* Release */ = {
			isa = XCBuildConfiguration;
			buildSettings = {
				BUNDLE_LOADER = "$(TEST_HOST)";
				FRAMEWORK_SEARCH_PATHS = (
					"$(SDKROOT)/Developer/Library/Frameworks",
					"$(inherited)",
				);
				INFOPLIST_FILE = SARuntimeDemoTests/Info.plist;
				LD_RUNPATH_SEARCH_PATHS = "$(inherited) @executable_path/Frameworks @loader_path/Frameworks";
				PRODUCT_NAME = "$(TARGET_NAME)";
				TEST_HOST = "$(BUILT_PRODUCTS_DIR)/SARuntimeDemo.app/SARuntimeDemo";
			};
			name = Release;
		};
/* End XCBuildConfiguration section */

/* Begin XCConfigurationList section */
		A1EDB1891B77506800272C65 /* Build configuration list for PBXProject "SARuntimeDemo" */ = {
			isa = XCConfigurationList;
			buildConfigurations = (
				A1EDB1AF1B77506800272C65 /* Debug */,
				A1EDB1B01B77506800272C65 /* Release */,
			);
			defaultConfigurationIsVisible = 0;
			defaultConfigurationName = Release;
		};
		A1EDB1B11B77506800272C65 /* Build configuration list for PBXNativeTarget "SARuntimeDemo" */ = {
			isa = XCConfigurationList;
			buildConfigurations = (
				A1EDB1B21B77506800272C65 /* Debug */,
				A1EDB1B31B77506800272C65 /* Release */,
			);
			defaultConfigurationIsVisible = 0;
		};
		A1EDB1B41B77506800272C65 /* Build configuration list for PBXNativeTarget "SARuntimeDemoTests" */ = {
			isa = XCConfigurationList;
			buildConfigurations = (
				A1EDB1B51B77506800272C65 /* Debug */,
				A1EDB1B61B77506800272C65 /* Release */,
			);
			defaultConfigurationIsVisible = 0;
		};
/* End XCConfigurationList section */
	};
	rootObject = A1EDB1861B77506800272C65 /* Project object */;
}
